
Microsoft Visual Studio Solution File, Format Version 12.00
# Visual Studio Version 16
VisualStudioVersion = 16.0.32901.82
MinimumVisualStudioVersion = 10.0.40219.1
Project("{8BC9CEB8-8B4A-11D0-8D11-00A0C91BC942}") = "Practice OOP 09.10", "Practice OOP 09.10\Practice OOP 09.10.vcxproj", "{5B6994F9-1575-4A38-84C7-9D266248B5D1}"
EndProject
Global
	GlobalSection(SolutionConfigurationPlatforms) = preSolution
		Debug|x64 = Debug|x64
		Debug|x86 = Debug|x86
		Release|x64 = Release|x64
		Release|x86 = Release|x86
	EndGlobalSection
	GlobalSection(ProjectConfigurationPlatforms) = postSolution
		{5B6994F9-1575-4A38-84C7-9D266248B5D1}.Debug|x64.ActiveCfg = Debug|x64
		{5B6994F9-1575-4A38-84C7-9D266248B5D1}.Debug|x64.Build.0 = Debug|x64
		{5B6994F9-1575-4A38-84C7-9D266248B5D1}.Debug|x86.ActiveCfg = Debug|Win32
		{5B6994F9-1575-4A38-84C7-9D266248B5D1}.Debug|x86.Build.0 = Debug|Win32
		{5B6994F9-1575-4A38-84C7-9D266248B5D1}.Release|x64.ActiveCfg = Release|x64
		{5B6994F9-1575-4A38-84C7-9D266248B5D1}.Release|x64.Build.0 = Release|x64
		{5B6994F9-1575-4A38-84C7-9D266248B5D1}.Release|x86.ActiveCfg = Release|Win32
		{5B6994F9-1575-4A38-84C7-9D266248B5D1}.Release|x86.Build.0 = Release|Win32
	EndGlobalSection
	GlobalSection(SolutionProperties) = preSolution
		HideSolutionNode = FALSE
	EndGlobalSection
	GlobalSection(ExtensibilityGlobals) = postSolution
		SolutionGuid = {4472AB15-9537-49BA-A21B-530DA8C7EF2B}
	EndGlobalSection
EndGlobal
